
Microsoft Visual Studio Solution File, Format Version 12.00
# Visual Studio Version 16
VisualStudioVersion = 16.0.32413.511
MinimumVisualStudioVersion = 10.0.40219.1
Project("{FAE04EC0-301F-11D3-BF4B-00C04F79EFBC}") = "ObligatorioProgramacion", "ObligatorioProgramacion\ObligatorioProgramacion.csproj", "{246D7537-60A6-4418-BD80-E868A00E43B4}"
EndProject
Project("{2150E333-8FDC-42A3-9474-1A3956D46DE8}") = "3.DataAcces", "3.DataAcces", "{BFFBA8A2-DCBF-4532-9816-72F8BE9CEC38}"
EndProject
Project("{2150E333-8FDC-42A3-9474-1A3956D46DE8}") = "1.Services", "1.Services", "{9667423D-197B-465E-958D-40A7345D04A9}"
EndProject
Project("{2150E333-8FDC-42A3-9474-1A3956D46DE8}") = "0.Presentacion", "0.Presentacion", "{3B527457-C16B-43B1-96C7-05F1022E58CA}"
EndProject
Project("{FAE04EC0-301F-11D3-BF4B-00C04F79EFBC}") = "InternalServices", "InternalServices\InternalServices.csproj", "{D25CE16E-BBF6-48C9-B2D0-E6B7714ECE66}"
EndProject
Project("{2150E333-8FDC-42A3-9474-1A3956D46DE8}") = "2.Bussnies", "2.Bussnies", "{7FED0563-3E75-464D-BF0B-E2ED762FBC96}"
EndProject
Project("{FAE04EC0-301F-11D3-BF4B-00C04F79EFBC}") = "BussniesLogic", "BussniesLogic\BussniesLogic.csproj", "{ABCBDE57-33B5-4E79-83A3-5C27F8477C58}"
EndProject
Global
	GlobalSection(SolutionConfigurationPlatforms) = preSolution
		Debug|Any CPU = Debug|Any CPU
		Release|Any CPU = Release|Any CPU
	EndGlobalSection
	GlobalSection(ProjectConfigurationPlatforms) = postSolution
		{246D7537-60A6-4418-BD80-E868A00E43B4}.Debug|Any CPU.ActiveCfg = Debug|Any CPU
		{246D7537-60A6-4418-BD80-E868A00E43B4}.Debug|Any CPU.Build.0 = Debug|Any CPU
		{246D7537-60A6-4418-BD80-E868A00E43B4}.Release|Any CPU.ActiveCfg = Release|Any CPU
		{246D7537-60A6-4418-BD80-E868A00E43B4}.Release|Any CPU.Build.0 = Release|Any CPU
		{D25CE16E-BBF6-48C9-B2D0-E6B7714ECE66}.Debug|Any CPU.ActiveCfg = Debug|Any CPU
		{D25CE16E-BBF6-48C9-B2D0-E6B7714ECE66}.Debug|Any CPU.Build.0 = Debug|Any CPU
		{D25CE16E-BBF6-48C9-B2D0-E6B7714ECE66}.Release|Any CPU.ActiveCfg = Release|Any CPU
		{D25CE16E-BBF6-48C9-B2D0-E6B7714ECE66}.Release|Any CPU.Build.0 = Release|Any CPU
		{ABCBDE57-33B5-4E79-83A3-5C27F8477C58}.Debug|Any CPU.ActiveCfg = Debug|Any CPU
		{ABCBDE57-33B5-4E79-83A3-5C27F8477C58}.Debug|Any CPU.Build.0 = Debug|Any CPU
		{ABCBDE57-33B5-4E79-83A3-5C27F8477C58}.Release|Any CPU.ActiveCfg = Release|Any CPU
		{ABCBDE57-33B5-4E79-83A3-5C27F8477C58}.Release|Any CPU.Build.0 = Release|Any CPU
	EndGlobalSection
	GlobalSection(SolutionProperties) = preSolution
		HideSolutionNode = FALSE
	EndGlobalSection
	GlobalSection(NestedProjects) = preSolution
		{246D7537-60A6-4418-BD80-E868A00E43B4} = {BFFBA8A2-DCBF-4532-9816-72F8BE9CEC38}
		{D25CE16E-BBF6-48C9-B2D0-E6B7714ECE66} = {9667423D-197B-465E-958D-40A7345D04A9}
		{ABCBDE57-33B5-4E79-83A3-5C27F8477C58} = {7FED0563-3E75-464D-BF0B-E2ED762FBC96}
	EndGlobalSection
	GlobalSection(ExtensibilityGlobals) = postSolution
		SolutionGuid = {2A7FFC22-50D3-4222-902F-FFADA151725D}
	EndGlobalSection
EndGlobal
